
Microsoft Visual Studio Solution File, Format Version 11.00
# Visual Studio 2010
Project("{FAE04EC0-301F-11D3-BF4B-00C04F79EFBC}") = "ARcade (1)", "Assembly-CSharp.csproj", "{7D9F5AB7-A496-04FA-AECD-56D35D932336}"
EndProject
Project("{FAE04EC0-301F-11D3-BF4B-00C04F79EFBC}") = "ARcade (1)", "Assembly-CSharp-Editor.csproj", "{F21E4724-1791-31B8-5A2A-E52A0975F887}"
EndProject
Global
	GlobalSection(SolutionConfigurationPlatforms) = preSolution
		Debug|Any CPU = Debug|Any CPU
		Release|Any CPU = Release|Any CPU
	EndGlobalSection
	GlobalSection(ProjectConfigurationPlatforms) = postSolution
		{7D9F5AB7-A496-04FA-AECD-56D35D932336}.Debug|Any CPU.ActiveCfg = Debug|Any CPU
		{7D9F5AB7-A496-04FA-AECD-56D35D932336}.Debug|Any CPU.Build.0 = Debug|Any CPU
		{7D9F5AB7-A496-04FA-AECD-56D35D932336}.Release|Any CPU.ActiveCfg = Release|Any CPU
		{7D9F5AB7-A496-04FA-AECD-56D35D932336}.Release|Any CPU.Build.0 = Release|Any CPU
		{F21E4724-1791-31B8-5A2A-E52A0975F887}.Debug|Any CPU.ActiveCfg = Debug|Any CPU
		{F21E4724-1791-31B8-5A2A-E52A0975F887}.Debug|Any CPU.Build.0 = Debug|Any CPU
		{F21E4724-1791-31B8-5A2A-E52A0975F887}.Release|Any CPU.ActiveCfg = Release|Any CPU
		{F21E4724-1791-31B8-5A2A-E52A0975F887}.Release|Any CPU.Build.0 = Release|Any CPU
	EndGlobalSection
	GlobalSection(SolutionProperties) = preSolution
		HideSolutionNode = FALSE
	EndGlobalSection
	GlobalSection(MonoDevelopProperties) = preSolution
		StartupItem = Assembly-CSharp.csproj
	EndGlobalSection
EndGlobal
